# @generated - this file is auto-generated by `mise lock` https://mise.en.dev/dev-tools/mise-lock.html

[[tools."github:toml-lang/toml-test"]]
version = "2.2.0"
backend = "github:toml-lang/toml-test"

[tools."github:toml-lang/toml-test"."platforms.linux-arm64"]
checksum = "sha256:2f2e7f3e7cdbaa252bd6a3f1480f044b25aaf7a76353eb8f229ce8befa5a82b3"
url = "https://github.com/toml-lang/toml-test/releases/download/v2.2.0/toml-test-v2.2.0-linux-arm64.gz"
url_api = "https://api.github.com/repos/toml-lang/toml-test/releases/assets/409193782"

[tools."github:toml-lang/toml-test"."platforms.linux-arm64-musl"]
checksum = "sha256:2f2e7f3e7cdbaa252bd6a3f1480f044b25aaf7a76353eb8f229ce8befa5a82b3"
url = "https://github.com/toml-lang/toml-test/releases/download/v2.2.0/toml-test-v2.2.0-linux-arm64.gz"
url_api = "https://api.github.com/repos/toml-lang/toml-test/releases/assets/409193782"

[tools."github:toml-lang/toml-test"."platforms.linux-x64"]
checksum = "sha256:08f9e0a97da1151c33debf01358a8f5ef45e2a56be201241ae5eb5c2e9323fef"
url = "https://github.com/toml-lang/toml-test/releases/download/v2.2.0/toml-test-v2.2.0-linux-amd64.gz"
url_api = "https://api.github.com/repos/toml-lang/toml-test/releases/assets/409193765"

[tools."github:toml-lang/toml-test"."platforms.linux-x64-musl"]
checksum = "sha256:08f9e0a97da1151c33debf01358a8f5ef45e2a56be201241ae5eb5c2e9323fef"
url = "https://github.com/toml-lang/toml-test/releases/download/v2.2.0/toml-test-v2.2.0-linux-amd64.gz"
url_api = "https://api.github.com/repos/toml-lang/toml-test/releases/assets/409193765"

[tools."github:toml-lang/toml-test"."platforms.macos-arm64"]
checksum = "sha256:f36b1310b03a95dfa6b92ef535018db8ccc997ba20e79f3fd28d0f97c9174f35"
url = "https://github.com/toml-lang/toml-test/releases/download/v2.2.0/toml-test-v2.2.0-darwin-arm64.gz"
url_api = "https://api.github.com/repos/toml-lang/toml-test/releases/assets/409193740"

[tools."github:toml-lang/toml-test"."platforms.macos-x64"]
checksum = "sha256:17e0365948ab7da54e0541bf22dce7dc809e407cd1e14bf78576cfbfd48ffee1"
url = "https://github.com/toml-lang/toml-test/releases/download/v2.2.0/toml-test-v2.2.0-darwin-amd64.gz"
url_api = "https://api.github.com/repos/toml-lang/toml-test/releases/assets/409193720"

[tools."github:toml-lang/toml-test"."platforms.windows-x64"]
checksum = "sha256:90a455788486e7e308e41ea4cb11b0136b71b6e74a1ae086d1aa92b20774cb7e"
url = "https://github.com/toml-lang/toml-test/releases/download/v2.2.0/toml-test-v2.2.0-windows-amd64.exe.gz"
url_api = "https://api.github.com/repos/toml-lang/toml-test/releases/assets/409193830"
